{
    "_readme": [
        "This file locks the dependencies of your project to a known state",
        "Read more about it at https://getcomposer.org/doc/01-basic-usage.md#installing-dependencies",
        "This file is @generated automatically"
    ],
    "content-hash": "d6605c7496a9ae604d4b5987e6d95a19",
    "packages": [
        {
            "name": "redsys/messages",
            "version": "v1.1.2",
            "source": {
                "type": "git",
                "url": "https://github.com/eusonlito/redsys-Messages.git",
                "reference": "ee1707651e7dd6f1517c5af377ac5613d3ef6490"
            },
            "dist": {
                "type": "zip",
                "url": "https://api.github.com/repos/eusonlito/redsys-Messages/zipball/ee1707651e7dd6f1517c5af377ac5613d3ef6490",
                "reference": "ee1707651e7dd6f1517c5af377ac5613d3ef6490",
                "shasum": ""
            },
            "require": {
                "php": ">=5.3"
            },
            "type": "library",
            "autoload": {
                "psr-4": {
                    "Redsys\\Messages\\": "./"
                }
            },
            "notification-url": "https://packagist.org/downloads/",
            "license": [
                "MIT"
            ],
            "authors": [
                {
                    "name": "Lito",
                    "email": "lito@eordes.com"
                }
            ],
            "description": "Redsys/Sermepa/Servired TPV Messages lists",
            "keywords": [
                "messages",
                "redsys",
                "sermepa",
                "servired",
                "tpv"
            ],
            "support": {
                "issues": "https://github.com/eusonlito/redsys-Messages/issues",
                "source": "https://github.com/eusonlito/redsys-Messages/tree/v1.1.2"
            },
            "time": "2021-12-30T22:41:40+00:00"
        }
    ],
    "packages-dev": [],
    "aliases": [],
    "minimum-stability": "stable",
    "stability-flags": [],
    "prefer-stable": false,
    "prefer-lowest": false,
    "platform": {
        "php": ">=5.3",
        "ext-dom": "*",
        "ext-json": "*",
        "ext-openssl": "*",
        "ext-curl": "*",
        "ext-libxml": "*"
    },
    "platform-dev": [],
    "plugin-api-version": "2.3.0"
}
